
Microsoft Visual Studio Solution File, Format Version 12.00
# Visual Studio 15
VisualStudioVersion = 15.0.27703.2035
MinimumVisualStudioVersion = 10.0.40219.1
Project("{FAE04EC0-301F-11D3-BF4B-00C04F79EFBC}") = "Retrospective.Android", "Retrospective\Retrospective.Android\Retrospective.Android.csproj", "{8D3D67B8-D68F-441C-964B-E9BB780D4C16}"
EndProject
Project("{FAE04EC0-301F-11D3-BF4B-00C04F79EFBC}") = "Retrospective.iOS", "Retrospective\Retrospective.iOS\Retrospective.iOS.csproj", "{58CA4AE2-AF7D-47D3-B353-7C4AE31DDB93}"
EndProject
Project("{FAE04EC0-301F-11D3-BF4B-00C04F79EFBC}") = "Retrospective", "Retrospective\Retrospective\Retrospective.csproj", "{345206BB-80C3-4344-A615-2201BEA81E7E}"
EndProject
Global
	GlobalSection(SolutionConfigurationPlatforms) = preSolution
		Ad-Hoc|Any CPU = Ad-Hoc|Any CPU
		Ad-Hoc|iPhone = Ad-Hoc|iPhone
		Ad-Hoc|iPhoneSimulator = Ad-Hoc|iPhoneSimulator
		AppStore|Any CPU = AppStore|Any CPU
		AppStore|iPhone = AppStore|iPhone
		AppStore|iPhoneSimulator = AppStore|iPhoneSimulator
		Debug|Any CPU = Debug|Any CPU
		Debug|iPhone = Debug|iPhone
		Debug|iPhoneSimulator = Debug|iPhoneSimulator
		Release|Any CPU = Release|Any CPU
		Release|iPhone = Release|iPhone
		Release|iPhoneSimulator = Release|iPhoneSimulator
	EndGlobalSection
	GlobalSection(ProjectConfigurationPlatforms) = postSolution
		{8D3D67B8-D68F-441C-964B-E9BB780D4C16}.Ad-Hoc|Any CPU.ActiveCfg = Release|Any CPU
		{8D3D67B8-D68F-441C-964B-E9BB780D4C16}.Ad-Hoc|Any CPU.Build.0 = Release|Any CPU
		{8D3D67B8-D68F-441C-964B-E9BB780D4C16}.Ad-Hoc|Any CPU.Deploy.0 = Release|Any CPU
		{8D3D67B8-D68F-441C-964B-E9BB780D4C16}.Ad-Hoc|iPhone.ActiveCfg = Release|Any CPU
		{8D3D67B8-D68F-441C-964B-E9BB780D4C16}.Ad-Hoc|iPhone.Build.0 = Release|Any CPU
		{8D3D67B8-D68F-441C-964B-E9BB780D4C16}.Ad-Hoc|iPhone.Deploy.0 = Release|Any CPU
		{8D3D67B8-D68F-441C-964B-E9BB780D4C16}.Ad-Hoc|iPhoneSimulator.ActiveCfg = Release|Any CPU
		{8D3D67B8-D68F-441C-964B-E9BB780D4C16}.Ad-Hoc|iPhoneSimulator.Build.0 = Release|Any CPU
		{8D3D67B8-D68F-441C-964B-E9BB780D4C16}.Ad-Hoc|iPhoneSimulator.Deploy.0 = Release|Any CPU
		{8D3D67B8-D68F-441C-964B-E9BB780D4C16}.AppStore|Any CPU.ActiveCfg = Release|Any CPU
		{8D3D67B8-D68F-441C-964B-E9BB780D4C16}.AppStore|Any CPU.Build.0 = Release|Any CPU
		{8D3D67B8-D68F-441C-964B-E9BB780D4C16}.AppStore|Any CPU.Deploy.0 = Release|Any CPU
		{8D3D67B8-D68F-441C-964B-E9BB780D4C16}.AppStore|iPhone.ActiveCfg = Release|Any CPU
		{8D3D67B8-D68F-441C-964B-E9BB780D4C16}.AppStore|iPhone.Build.0 = Release|Any CPU
		{8D3D67B8-D68F-441C-964B-E9BB780D4C16}.AppStore|iPhone.Deploy.0 = Release|Any CPU
		{8D3D67B8-D68F-441C-964B-E9BB780D4C16}.AppStore|iPhoneSimulator.ActiveCfg = Release|Any CPU
		{8D3D67B8-D68F-441C-964B-E9BB780D4C16}.AppStore|iPhoneSimulator.Build.0 = Release|Any CPU
		{8D3D67B8-D68F-441C-964B-E9BB780D4C16}.AppStore|iPhoneSimulator.Deploy.0 = Release|Any CPU
		{8D3D67B8-D68F-441C-964B-E9BB780D4C16}.Debug|Any CPU.ActiveCfg = Debug|Any CPU
		{8D3D67B8-D68F-441C-964B-E9BB780D4C16}.Debug|Any CPU.Build.0 = Debug|Any CPU
		{8D3D67B8-D68F-441C-964B-E9BB780D4C16}.Debug|Any CPU.Deploy.0 = Debug|Any CPU
		{8D3D67B8-D68F-441C-964B-E9BB780D4C16}.Debug|iPhone.ActiveCfg = Debug|Any CPU
		{8D3D67B8-D68F-441C-964B-E9BB780D4C16}.Debug|iPhone.Build.0 = Debug|Any CPU
		{8D3D67B8-D68F-441C-964B-E9BB780D4C16}.Debug|iPhone.Deploy.0 = Debug|Any CPU
		{8D3D67B8-D68F-441C-964B-E9BB780D4C16}.Debug|iPhoneSimulator.ActiveCfg = Debug|Any CPU
		{8D3D67B8-D68F-441C-964B-E9BB780D4C16}.Debug|iPhoneSimulator.Build.0 = Debug|Any CPU
		{8D3D67B8-D68F-441C-964B-E9BB780D4C16}.Debug|iPhoneSimulator.Deploy.0 = Debug|Any CPU
		{8D3D67B8-D68F-441C-964B-E9BB780D4C16}.Release|Any CPU.ActiveCfg = Release|Any CPU
		{8D3D67B8-D68F-441C-964B-E9BB780D4C16}.Release|Any CPU.Build.0 = Release|Any CPU
		{8D3D67B8-D68F-441C-964B-E9BB780D4C16}.Release|Any CPU.Deploy.0 = Release|Any CPU
		{8D3D67B8-D68F-441C-964B-E9BB780D4C16}.Release|iPhone.ActiveCfg = Release|Any CPU
		{8D3D67B8-D68F-441C-964B-E9BB780D4C16}.Release|iPhone.Build.0 = Release|Any CPU
		{8D3D67B8-D68F-441C-964B-E9BB780D4C16}.Release|iPhone.Deploy.0 = Release|Any CPU
		{8D3D67B8-D68F-441C-964B-E9BB780D4C16}.Release|iPhoneSimulator.ActiveCfg = Release|Any CPU
		{8D3D67B8-D68F-441C-964B-E9BB780D4C16}.Release|iPhoneSimulator.Build.0 = Release|Any CPU
		{8D3D67B8-D68F-441C-964B-E9BB780D4C16}.Release|iPhoneSimulator.Deploy.0 = Release|Any CPU
		{58CA4AE2-AF7D-47D3-B353-7C4AE31DDB93}.Ad-Hoc|Any CPU.ActiveCfg = Ad-Hoc|iPhone
		{58CA4AE2-AF7D-47D3-B353-7C4AE31DDB93}.Ad-Hoc|Any CPU.Build.0 = Ad-Hoc|iPhone
		{58CA4AE2-AF7D-47D3-B353-7C4AE31DDB93}.Ad-Hoc|Any CPU.Deploy.0 = Ad-Hoc|iPhone
		{58CA4AE2-AF7D-47D3-B353-7C4AE31DDB93}.Ad-Hoc|iPhone.ActiveCfg = Ad-Hoc|iPhone
		{58CA4AE2-AF7D-47D3-B353-7C4AE31DDB93}.Ad-Hoc|iPhone.Build.0 = Ad-Hoc|iPhone
		{58CA4AE2-AF7D-47D3-B353-7C4AE31DDB93}.Ad-Hoc|iPhone.Deploy.0 = Ad-Hoc|iPhone
		{58CA4AE2-AF7D-47D3-B353-7C4AE31DDB93}.Ad-Hoc|iPhoneSimulator.ActiveCfg = Ad-Hoc|iPhoneSimulator
		{58CA4AE2-AF7D-47D3-B353-7C4AE31DDB93}.Ad-Hoc|iPhoneSimulator.Build.0 = Ad-Hoc|iPhoneSimulator
		{58CA4AE2-AF7D-47D3-B353-7C4AE31DDB93}.Ad-Hoc|iPhoneSimulator.Deploy.0 = Ad-Hoc|iPhoneSimulator
		{58CA4AE2-AF7D-47D3-B353-7C4AE31DDB93}.AppStore|Any CPU.ActiveCfg = AppStore|iPhone
		{58CA4AE2-AF7D-47D3-B353-7C4AE31DDB93}.AppStore|Any CPU.Build.0 = AppStore|iPhone
		{58CA4AE2-AF7D-47D3-B353-7C4AE31DDB93}.AppStore|Any CPU.Deploy.0 = AppStore|iPhone
		{58CA4AE2-AF7D-47D3-B353-7C4AE31DDB93}.AppStore|iPhone.ActiveCfg = AppStore|iPhone
		{58CA4AE2-AF7D-47D3-B353-7C4AE31DDB93}.AppStore|iPhone.Build.0 = AppStore|iPhone
		{58CA4AE2-AF7D-47D3-B353-7C4AE31DDB93}.AppStore|iPhone.Deploy.0 = AppStore|iPhone
		{58CA4AE2-AF7D-47D3-B353-7C4AE31DDB93}.AppStore|iPhoneSimulator.ActiveCfg = AppStore|iPhoneSimulator
		{58CA4AE2-AF7D-47D3-B353-7C4AE31DDB93}.AppStore|iPhoneSimulator.Build.0 = AppStore|iPhoneSimulator
		{58CA4AE2-AF7D-47D3-B353-7C4AE31DDB93}.AppStore|iPhoneSimulator.Deploy.0 = AppStore|iPhoneSimulator
		{58CA4AE2-AF7D-47D3-B353-7C4AE31DDB93}.Debug|Any CPU.ActiveCfg = Debug|iPhoneSimulator
		{58CA4AE2-AF7D-47D3-B353-7C4AE31DDB93}.Debug|Any CPU.Build.0 = Debug|iPhoneSimulator
		{58CA4AE2-AF7D-47D3-B353-7C4AE31DDB93}.Debug|Any CPU.Deploy.0 = Debug|iPhoneSimulator
		{58CA4AE2-AF7D-47D3-B353-7C4AE31DDB93}.Debug|iPhone.ActiveCfg = Debug|iPhone
		{58CA4AE2-AF7D-47D3-B353-7C4AE31DDB93}.Debug|iPhone.Build.0 = Debug|iPhone
		{58CA4AE2-AF7D-47D3-B353-7C4AE31DDB93}.Debug|iPhone.Deploy.0 = Debug|iPhone
		{58CA4AE2-AF7D-47D3-B353-7C4AE31DDB93}.Debug|iPhoneSimulator.ActiveCfg = Debug|iPhoneSimulator
		{58CA4AE2-AF7D-47D3-B353-7C4AE31DDB93}.Debug|iPhoneSimulator.Build.0 = Debug|iPhoneSimulator
		{58CA4AE2-AF7D-47D3-B353-7C4AE31DDB93}.Debug|iPhoneSimulator.Deploy.0 = Debug|iPhoneSimulator
		{58CA4AE2-AF7D-47D3-B353-7C4AE31DDB93}.Release|Any CPU.ActiveCfg = Release|iPhone
		{58CA4AE2-AF7D-47D3-B353-7C4AE31DDB93}.Release|Any CPU.Build.0 = Release|iPhone
		{58CA4AE2-AF7D-47D3-B353-7C4AE31DDB93}.Release|Any CPU.Deploy.0 = Release|iPhone
		{58CA4AE2-AF7D-47D3-B353-7C4AE31DDB93}.Release|iPhone.ActiveCfg = Release|iPhone
		{58CA4AE2-AF7D-47D3-B353-7C4AE31DDB93}.Release|iPhone.Build.0 = Release|iPhone
		{58CA4AE2-AF7D-47D3-B353-7C4AE31DDB93}.Release|iPhone.Deploy.0 = Release|iPhone
		{58CA4AE2-AF7D-47D3-B353-7C4AE31DDB93}.Release|iPhoneSimulator.ActiveCfg = Release|iPhoneSimulator
		{58CA4AE2-AF7D-47D3-B353-7C4AE31DDB93}.Release|iPhoneSimulator.Build.0 = Release|iPhoneSimulator
		{58CA4AE2-AF7D-47D3-B353-7C4AE31DDB93}.Release|iPhoneSimulator.Deploy.0 = Release|iPhoneSimulator
		{345206BB-80C3-4344-A615-2201BEA81E7E}.Ad-Hoc|Any CPU.ActiveCfg = Debug|Any CPU
		{345206BB-80C3-4344-A615-2201BEA81E7E}.Ad-Hoc|Any CPU.Build.0 = Debug|Any CPU
		{345206BB-80C3-4344-A615-2201BEA81E7E}.Ad-Hoc|Any CPU.Deploy.0 = Debug|Any CPU
		{345206BB-80C3-4344-A615-2201BEA81E7E}.Ad-Hoc|iPhone.ActiveCfg = Debug|Any CPU
		{345206BB-80C3-4344-A615-2201BEA81E7E}.Ad-Hoc|iPhone.Build.0 = Debug|Any CPU
		{345206BB-80C3-4344-A615-2201BEA81E7E}.Ad-Hoc|iPhone.Deploy.0 = Debug|Any CPU
		{345206BB-80C3-4344-A615-2201BEA81E7E}.Ad-Hoc|iPhoneSimulator.ActiveCfg = Debug|Any CPU
		{345206BB-80C3-4344-A615-2201BEA81E7E}.Ad-Hoc|iPhoneSimulator.Build.0 = Debug|Any CPU
		{345206BB-80C3-4344-A615-2201BEA81E7E}.Ad-Hoc|iPhoneSimulator.Deploy.0 = Debug|Any CPU
		{345206BB-80C3-4344-A615-2201BEA81E7E}.AppStore|Any CPU.ActiveCfg = Debug|Any CPU
		{345206BB-80C3-4344-A615-2201BEA81E7E}.AppStore|Any CPU.Build.0 = Debug|Any CPU
		{345206BB-80C3-4344-A615-2201BEA81E7E}.AppStore|Any CPU.Deploy.0 = Debug|Any CPU
		{345206BB-80C3-4344-A615-2201BEA81E7E}.AppStore|iPhone.ActiveCfg = Debug|Any CPU
		{345206BB-80C3-4344-A615-2201BEA81E7E}.AppStore|iPhone.Build.0 = Debug|Any CPU
		{345206BB-80C3-4344-A615-2201BEA81E7E}.AppStore|iPhone.Deploy.0 = Debug|Any CPU
		{345206BB-80C3-4344-A615-2201BEA81E7E}.AppStore|iPhoneSimulator.ActiveCfg = Debug|Any CPU
		{345206BB-80C3-4344-A615-2201BEA81E7E}.AppStore|iPhoneSimulator.Build.0 = Debug|Any CPU
		{345206BB-80C3-4344-A615-2201BEA81E7E}.AppStore|iPhoneSimulator.Deploy.0 = Debug|Any CPU
		{345206BB-80C3-4344-A615-2201BEA81E7E}.Debug|Any CPU.ActiveCfg = Debug|Any CPU
		{345206BB-80C3-4344-A615-2201BEA81E7E}.Debug|Any CPU.Build.0 = Debug|Any CPU
		{345206BB-80C3-4344-A615-2201BEA81E7E}.Debug|Any CPU.Deploy.0 = Debug|Any CPU
		{345206BB-80C3-4344-A615-2201BEA81E7E}.Debug|iPhone.ActiveCfg = Debug|Any CPU
		{345206BB-80C3-4344-A615-2201BEA81E7E}.Debug|iPhone.Build.0 = Debug|Any CPU
		{345206BB-80C3-4344-A615-2201BEA81E7E}.Debug|iPhone.Deploy.0 = Debug|Any CPU
		{345206BB-80C3-4344-A615-2201BEA81E7E}.Debug|iPhoneSimulator.ActiveCfg = Debug|Any CPU
		{345206BB-80C3-4344-A615-2201BEA81E7E}.Debug|iPhoneSimulator.Build.0 = Debug|Any CPU
		{345206BB-80C3-4344-A615-2201BEA81E7E}.Debug|iPhoneSimulator.Deploy.0 = Debug|Any CPU
		{345206BB-80C3-4344-A615-2201BEA81E7E}.Release|Any CPU.ActiveCfg = Release|Any CPU
		{345206BB-80C3-4344-A615-2201BEA81E7E}.Release|Any CPU.Build.0 = Release|Any CPU
		{345206BB-80C3-4344-A615-2201BEA81E7E}.Release|Any CPU.Deploy.0 = Release|Any CPU
		{345206BB-80C3-4344-A615-2201BEA81E7E}.Release|iPhone.ActiveCfg = Release|Any CPU
		{345206BB-80C3-4344-A615-2201BEA81E7E}.Release|iPhone.Build.0 = Release|Any CPU
		{345206BB-80C3-4344-A615-2201BEA81E7E}.Release|iPhone.Deploy.0 = Release|Any CPU
		{345206BB-80C3-4344-A615-2201BEA81E7E}.Release|iPhoneSimulator.ActiveCfg = Release|Any CPU
		{345206BB-80C3-4344-A615-2201BEA81E7E}.Release|iPhoneSimulator.Build.0 = Release|Any CPU
		{345206BB-80C3-4344-A615-2201BEA81E7E}.Release|iPhoneSimulator.Deploy.0 = Release|Any CPU
	EndGlobalSection
	GlobalSection(SolutionProperties) = preSolution
		HideSolutionNode = FALSE
	EndGlobalSection
	GlobalSection(ExtensibilityGlobals) = postSolution
		SolutionGuid = {B532CF1D-EC9F-4F9E-849B-4BD37909437B}
	EndGlobalSection
EndGlobal
